
Microsoft Visual Studio Solution File, Format Version 12.00
# Visual Studio 15
VisualStudioVersion = 15.0.28307.1022
MinimumVisualStudioVersion = 10.0.40219.1
Project("{8BC9CEB8-8B4A-11D0-8D11-00A0C91BC942}") = "gitTutorial", "gitTutorial\gitTutorial.vcxproj", "{868FAD54-E3F2-4491-99D1-8F6ADEF7C8AA}"
EndProject
Global
	GlobalSection(SolutionConfigurationPlatforms) = preSolution
		Debug|x64 = Debug|x64
		Debug|x86 = Debug|x86
		Release|x64 = Release|x64
		Release|x86 = Release|x86
	EndGlobalSection
	GlobalSection(ProjectConfigurationPlatforms) = postSolution
		{868FAD54-E3F2-4491-99D1-8F6ADEF7C8AA}.Debug|x64.ActiveCfg = Debug|x64
		{868FAD54-E3F2-4491-99D1-8F6ADEF7C8AA}.Debug|x64.Build.0 = Debug|x64
		{868FAD54-E3F2-4491-99D1-8F6ADEF7C8AA}.Debug|x86.ActiveCfg = Debug|Win32
		{868FAD54-E3F2-4491-99D1-8F6ADEF7C8AA}.Debug|x86.Build.0 = Debug|Win32
		{868FAD54-E3F2-4491-99D1-8F6ADEF7C8AA}.Release|x64.ActiveCfg = Release|x64
		{868FAD54-E3F2-4491-99D1-8F6ADEF7C8AA}.Release|x64.Build.0 = Release|x64
		{868FAD54-E3F2-4491-99D1-8F6ADEF7C8AA}.Release|x86.ActiveCfg = Release|Win32
		{868FAD54-E3F2-4491-99D1-8F6ADEF7C8AA}.Release|x86.Build.0 = Release|Win32
	EndGlobalSection
	GlobalSection(SolutionProperties) = preSolution
		HideSolutionNode = FALSE
	EndGlobalSection
	GlobalSection(ExtensibilityGlobals) = postSolution
		SolutionGuid = {241FEF78-E7EB-4BE9-B410-B546B2DF3D7D}
	EndGlobalSection
EndGlobal
